
Microsoft Visual Studio Solution File, Format Version 12.00
# Visual Studio Version 17
VisualStudioVersion = 17.9.34607.119
MinimumVisualStudioVersion = 10.0.40219.1
Project("{FAE04EC0-301F-11D3-BF4B-00C04F79EFBC}") = "BuberDinner.Api", "BuberDinner.Api\BuberDinner.Api.csproj", "{3DB600CD-42E6-40B9-9589-7606AEA38B1D}"
EndProject
Project("{FAE04EC0-301F-11D3-BF4B-00C04F79EFBC}") = "BuberDinner.Contracts", "BuberDinner.Contracts\BuberDinner.Contracts.csproj", "{14486AB9-F397-485A-A678-5E01164335BB}"
EndProject
Project("{FAE04EC0-301F-11D3-BF4B-00C04F79EFBC}") = "BuberDinner.Infrastructure", "BuberDinner.Infrastructure\BuberDinner.Infrastructure.csproj", "{7ABA8AD3-0CEB-4513-B199-801185B92D93}"
EndProject
Project("{FAE04EC0-301F-11D3-BF4B-00C04F79EFBC}") = "BuberDinner.Application", "BuberDinner.Application\BuberDinner.Application.csproj", "{A1D0417B-5ACC-4EBE-8E91-25833B3AFD33}"
EndProject
Project("{FAE04EC0-301F-11D3-BF4B-00C04F79EFBC}") = "BuberDinner.Domain", "BuberDinner.Domain\BuberDinner.Domain.csproj", "{D961F0CB-3376-4AB3-9C9C-11229F56FC0E}"
EndProject
Global
	GlobalSection(SolutionConfigurationPlatforms) = preSolution
		Debug|Any CPU = Debug|Any CPU
		Release|Any CPU = Release|Any CPU
	EndGlobalSection
	GlobalSection(ProjectConfigurationPlatforms) = postSolution
		{3DB600CD-42E6-40B9-9589-7606AEA38B1D}.Debug|Any CPU.ActiveCfg = Debug|Any CPU
		{3DB600CD-42E6-40B9-9589-7606AEA38B1D}.Debug|Any CPU.Build.0 = Debug|Any CPU
		{3DB600CD-42E6-40B9-9589-7606AEA38B1D}.Release|Any CPU.ActiveCfg = Release|Any CPU
		{3DB600CD-42E6-40B9-9589-7606AEA38B1D}.Release|Any CPU.Build.0 = Release|Any CPU
		{14486AB9-F397-485A-A678-5E01164335BB}.Debug|Any CPU.ActiveCfg = Debug|Any CPU
		{14486AB9-F397-485A-A678-5E01164335BB}.Debug|Any CPU.Build.0 = Debug|Any CPU
		{14486AB9-F397-485A-A678-5E01164335BB}.Release|Any CPU.ActiveCfg = Release|Any CPU
		{14486AB9-F397-485A-A678-5E01164335BB}.Release|Any CPU.Build.0 = Release|Any CPU
		{7ABA8AD3-0CEB-4513-B199-801185B92D93}.Debug|Any CPU.ActiveCfg = Debug|Any CPU
		{7ABA8AD3-0CEB-4513-B199-801185B92D93}.Debug|Any CPU.Build.0 = Debug|Any CPU
		{7ABA8AD3-0CEB-4513-B199-801185B92D93}.Release|Any CPU.ActiveCfg = Release|Any CPU
		{7ABA8AD3-0CEB-4513-B199-801185B92D93}.Release|Any CPU.Build.0 = Release|Any CPU
		{A1D0417B-5ACC-4EBE-8E91-25833B3AFD33}.Debug|Any CPU.ActiveCfg = Debug|Any CPU
		{A1D0417B-5ACC-4EBE-8E91-25833B3AFD33}.Debug|Any CPU.Build.0 = Debug|Any CPU
		{A1D0417B-5ACC-4EBE-8E91-25833B3AFD33}.Release|Any CPU.ActiveCfg = Release|Any CPU
		{A1D0417B-5ACC-4EBE-8E91-25833B3AFD33}.Release|Any CPU.Build.0 = Release|Any CPU
		{D961F0CB-3376-4AB3-9C9C-11229F56FC0E}.Debug|Any CPU.ActiveCfg = Debug|Any CPU
		{D961F0CB-3376-4AB3-9C9C-11229F56FC0E}.Debug|Any CPU.Build.0 = Debug|Any CPU
		{D961F0CB-3376-4AB3-9C9C-11229F56FC0E}.Release|Any CPU.ActiveCfg = Release|Any CPU
		{D961F0CB-3376-4AB3-9C9C-11229F56FC0E}.Release|Any CPU.Build.0 = Release|Any CPU
	EndGlobalSection
	GlobalSection(SolutionProperties) = preSolution
		HideSolutionNode = FALSE
	EndGlobalSection
	GlobalSection(ExtensibilityGlobals) = postSolution
		SolutionGuid = {67D9306C-6FA1-4022-9020-C74A1A1CFE6C}
	EndGlobalSection
EndGlobal
